// !$*UTF8*$!
{
	archiveVersion = 1;
	classes = {
	};
	objectVersion = 56;
	objects = {

/* Begin PBXBuildFile section */
		5B40EF832C63A1920068AFC8 /* AppDelegate.swift in Sources */ = {isa = PBXBuildFile; fileRef = 5B40EF822C63A1920068AFC8 /* AppDelegate.swift */; };
		5B40EF852C63A1920068AFC8 /* SceneDelegate.swift in Sources */ = {isa = PBXBuildFile; fileRef = 5B40EF842C63A1920068AFC8 /* SceneDelegate.swift */; };
		5B40EF8C2C63A1930068AFC8 /* Assets.xcassets in Resources */ = {isa = PBXBuildFile; fileRef = 5B40EF8B2C63A1930068AFC8 /* Assets.xcassets */; };
		5B40EF9A2C63A1940068AFC8 /* Github_Combine_UIKitTests.swift in Sources */ = {isa = PBXBuildFile; fileRef = 5B40EF992C63A1940068AFC8 /* Github_Combine_UIKitTests.swift */; };
		5B40EFA42C63A1940068AFC8 /* Github_Combine_UIKitUITests.swift in Sources */ = {isa = PBXBuildFile; fileRef = 5B40EFA32C63A1940068AFC8 /* Github_Combine_UIKitUITests.swift */; };
		5B40EFA62C63A1940068AFC8 /* Github_Combine_UIKitUITestsLaunchTests.swift in Sources */ = {isa = PBXBuildFile; fileRef = 5B40EFA52C63A1940068AFC8 /* Github_Combine_UIKitUITestsLaunchTests.swift */; };
		5B40EFB72C63A2260068AFC8 /* DashboardViewController.swift in Sources */ = {isa = PBXBuildFile; fileRef = 5B40EFB62C63A2260068AFC8 /* DashboardViewController.swift */; };
		5B40EFBB2C63A2930068AFC8 /* Constants.swift in Sources */ = {isa = PBXBuildFile; fileRef = 5B40EFBA2C63A2930068AFC8 /* Constants.swift */; };
		5B40EFBD2C63A6A40068AFC8 /* SearchTextField.swift in Sources */ = {isa = PBXBuildFile; fileRef = 5B40EFBC2C63A6A40068AFC8 /* SearchTextField.swift */; };
		5B40EFBF2C63B6280068AFC8 /* User.swift in Sources */ = {isa = PBXBuildFile; fileRef = 5B40EFBE2C63B6280068AFC8 /* User.swift */; };
		5B40EFC22C63B8B30068AFC8 /* HTTPClient.swift in Sources */ = {isa = PBXBuildFile; fileRef = 5B40EFC12C63B8B30068AFC8 /* HTTPClient.swift */; };
		5B40EFC52C63B9480068AFC8 /* String+Extension.swift in Sources */ = {isa = PBXBuildFile; fileRef = 5B40EFC42C63B9480068AFC8 /* String+Extension.swift */; };
		5B40EFC92C63BE560068AFC8 /* UserViewModel.swift in Sources */ = {isa = PBXBuildFile; fileRef = 5B40EFC82C63BE560068AFC8 /* UserViewModel.swift */; };
		5B7231EE2CAFEF9B00C73763 /* UserView.swift in Sources */ = {isa = PBXBuildFile; fileRef = 5B7231ED2CAFEF9B00C73763 /* UserView.swift */; };
		5B7231F12CAFF34A00C73763 /* WebImageView.swift in Sources */ = {isa = PBXBuildFile; fileRef = 5B7231F02CAFF34A00C73763 /* WebImageView.swift */; };
		5B7231F32CAFFA7D00C73763 /* UILabel+Extension.swift in Sources */ = {isa = PBXBuildFile; fileRef = 5B7231F22CAFFA7D00C73763 /* UILabel+Extension.swift */; };
		5B7231F52CB0206900C73763 /* InfoCardView.swift in Sources */ = {isa = PBXBuildFile; fileRef = 5B7231F42CB0206900C73763 /* InfoCardView.swift */; };
		5B7231F72CB0241700C73763 /* InfoElementView.swift in Sources */ = {isa = PBXBuildFile; fileRef = 5B7231F62CB0241700C73763 /* InfoElementView.swift */; };
		5B7231F92CB0402F00C73763 /* Collection+Extension.swift in Sources */ = {isa = PBXBuildFile; fileRef = 5B7231F82CB0402F00C73763 /* Collection+Extension.swift */; };
		5B7231FB2CB0453400C73763 /* UIColor+Extension.swift in Sources */ = {isa = PBXBuildFile; fileRef = 5B7231FA2CB0453400C73763 /* UIColor+Extension.swift */; };
		5B7231FD2CB047BA00C73763 /* LoadingView.swift in Sources */ = {isa = PBXBuildFile; fileRef = 5B7231FC2CB047BA00C73763 /* LoadingView.swift */; };
/* End PBXBuildFile section */

/* Begin PBXContainerItemProxy section */
		5B40EF962C63A1940068AFC8 /* PBXContainerItemProxy */ = {
			isa = PBXContainerItemProxy;
			containerPortal = 5B40EF772C63A1920068AFC8 /* Project object */;
			proxyType = 1;
			remoteGlobalIDString = 5B40EF7E2C63A1920068AFC8;
			remoteInfo = "Github-Combine-UIKit";
		};
		5B40EFA02C63A1940068AFC8 /* PBXContainerItemProxy */ = {
			isa = PBXContainerItemProxy;
			containerPortal = 5B40EF772C63A1920068AFC8 /* Project object */;
			proxyType = 1;
			remoteGlobalIDString = 5B40EF7E2C63A1920068AFC8;
			remoteInfo = "Github-Combine-UIKit";
		};
/* End PBXContainerItemProxy section */

/* Begin PBXFileReference section */
		5B40EF7F2C63A1920068AFC8 /* Github-Combine-UIKit.app */ = {isa = PBXFileReference; explicitFileType = wrapper.application; includeInIndex = 0; path = "Github-Combine-UIKit.app"; sourceTree = BUILT_PRODUCTS_DIR; };
		5B40EF822C63A1920068AFC8 /* AppDelegate.swift */ = {isa = PBXFileReference; lastKnownFileType = sourcecode.swift; path = AppDelegate.swift; sourceTree = "<group>"; };
		5B40EF842C63A1920068AFC8 /* SceneDelegate.swift */ = {isa = PBXFileReference; lastKnownFileType = sourcecode.swift; path = SceneDelegate.swift; sourceTree = "<group>"; };
		5B40EF8B2C63A1930068AFC8 /* Assets.xcassets */ = {isa = PBXFileReference; lastKnownFileType = folder.assetcatalog; path = Assets.xcassets; sourceTree = "<group>"; };
		5B40EF902C63A1940068AFC8 /* Info.plist */ = {isa = PBXFileReference; lastKnownFileType = text.plist.xml; path = Info.plist; sourceTree = "<group>"; };
		5B40EF952C63A1940068AFC8 /* Github-Combine-UIKitTests.xctest */ = {isa = PBXFileReference; explicitFileType = wrapper.cfbundle; includeInIndex = 0; path = "Github-Combine-UIKitTests.xctest"; sourceTree = BUILT_PRODUCTS_DIR; };
		5B40EF992C63A1940068AFC8 /* Github_Combine_UIKitTests.swift */ = {isa = PBXFileReference; lastKnownFileType = sourcecode.swift; path = Github_Combine_UIKitTests.swift; sourceTree = "<group>"; };
		5B40EF9F2C63A1940068AFC8 /* Github-Combine-UIKitUITests.xctest */ = {isa = PBXFileReference; explicitFileType = wrapper.cfbundle; includeInIndex = 0; path = "Github-Combine-UIKitUITests.xctest"; sourceTree = BUILT_PRODUCTS_DIR; };
		5B40EFA32C63A1940068AFC8 /* Github_Combine_UIKitUITests.swift */ = {isa = PBXFileReference; lastKnownFileType = sourcecode.swift; path = Github_Combine_UIKitUITests.swift; sourceTree = "<group>"; };
		5B40EFA52C63A1940068AFC8 /* Github_Combine_UIKitUITestsLaunchTests.swift */ = {isa = PBXFileReference; lastKnownFileType = sourcecode.swift; path = Github_Combine_UIKitUITestsLaunchTests.swift; sourceTree = "<group>"; };
		5B40EFB62C63A2260068AFC8 /* DashboardViewController.swift */ = {isa = PBXFileReference; lastKnownFileType = sourcecode.swift; path = DashboardViewController.swift; sourceTree = "<group>"; };
		5B40EFBA2C63A2930068AFC8 /* Constants.swift */ = {isa = PBXFileReference; lastKnownFileType = sourcecode.swift; path = Constants.swift; sourceTree = "<group>"; };
		5B40EFBC2C63A6A40068AFC8 /* SearchTextField.swift */ = {isa = PBXFileReference; lastKnownFileType = sourcecode.swift; path = SearchTextField.swift; sourceTree = "<group>"; };
		5B40EFBE2C63B6280068AFC8 /* User.swift */ = {isa = PBXFileReference; lastKnownFileType = sourcecode.swift; path = User.swift; sourceTree = "<group>"; };
		5B40EFC12C63B8B30068AFC8 /* HTTPClient.swift */ = {isa = PBXFileReference; lastKnownFileType = sourcecode.swift; path = HTTPClient.swift; sourceTree = "<group>"; };
		5B40EFC42C63B9480068AFC8 /* String+Extension.swift */ = {isa = PBXFileReference; lastKnownFileType = sourcecode.swift; path = "String+Extension.swift"; sourceTree = "<group>"; };
		5B40EFC82C63BE560068AFC8 /* UserViewModel.swift */ = {isa = PBXFileReference; lastKnownFileType = sourcecode.swift; path = UserViewModel.swift; sourceTree = "<group>"; };
		5B7231ED2CAFEF9B00C73763 /* UserView.swift */ = {isa = PBXFileReference; lastKnownFileType = sourcecode.swift; path = UserView.swift; sourceTree = "<group>"; };
		5B7231F02CAFF34A00C73763 /* WebImageView.swift */ = {isa = PBXFileReference; lastKnownFileType = sourcecode.swift; path = WebImageView.swift; sourceTree = "<group>"; };
		5B7231F22CAFFA7D00C73763 /* UILabel+Extension.swift */ = {isa = PBXFileReference; lastKnownFileType = sourcecode.swift; path = "UILabel+Extension.swift"; sourceTree = "<group>"; };
		5B7231F42CB0206900C73763 /* InfoCardView.swift */ = {isa = PBXFileReference; lastKnownFileType = sourcecode.swift; path = InfoCardView.swift; sourceTree = "<group>"; };
		5B7231F62CB0241700C73763 /* InfoElementView.swift */ = {isa = PBXFileReference; lastKnownFileType = sourcecode.swift; path = InfoElementView.swift; sourceTree = "<group>"; };
		5B7231F82CB0402F00C73763 /* Collection+Extension.swift */ = {isa = PBXFileReference; lastKnownFileType = sourcecode.swift; path = "Collection+Extension.swift"; sourceTree = "<group>"; };
		5B7231FA2CB0453400C73763 /* UIColor+Extension.swift */ = {isa = PBXFileReference; lastKnownFileType = sourcecode.swift; path = "UIColor+Extension.swift"; sourceTree = "<group>"; };
		5B7231FC2CB047BA00C73763 /* LoadingView.swift */ = {isa = PBXFileReference; lastKnownFileType = sourcecode.swift; path = LoadingView.swift; sourceTree = "<group>"; };
/* End PBXFileReference section */

/* Begin PBXFrameworksBuildPhase section */
		5B40EF7C2C63A1920068AFC8 /* Frameworks */ = {
			isa = PBXFrameworksBuildPhase;
			buildActionMask = 2147483647;
			files = (
			);
			runOnlyForDeploymentPostprocessing = 0;
		};
		5B40EF922C63A1940068AFC8 /* Frameworks */ = {
			isa = PBXFrameworksBuildPhase;
			buildActionMask = 2147483647;
			files = (
			);
			runOnlyForDeploymentPostprocessing = 0;
		};
		5B40EF9C2C63A1940068AFC8 /* Frameworks */ = {
			isa = PBXFrameworksBuildPhase;
			buildActionMask = 2147483647;
			files = (
			);
			runOnlyForDeploymentPostprocessing = 0;
		};
/* End PBXFrameworksBuildPhase section */

/* Begin PBXGroup section */
		5B40EF762C63A1920068AFC8 = {
			isa = PBXGroup;
			children = (
				5B40EF812C63A1920068AFC8 /* Github-Combine-UIKit */,
				5B40EF982C63A1940068AFC8 /* Github-Combine-UIKitTests */,
				5B40EFA22C63A1940068AFC8 /* Github-Combine-UIKitUITests */,
				5B40EF802C63A1920068AFC8 /* Products */,
			);
			sourceTree = "<group>";
		};
		5B40EF802C63A1920068AFC8 /* Products */ = {
			isa = PBXGroup;
			children = (
				5B40EF7F2C63A1920068AFC8 /* Github-Combine-UIKit.app */,
				5B40EF952C63A1940068AFC8 /* Github-Combine-UIKitTests.xctest */,
				5B40EF9F2C63A1940068AFC8 /* Github-Combine-UIKitUITests.xctest */,
			);
			name = Products;
			sourceTree = "<group>";
		};
		5B40EF812C63A1920068AFC8 /* Github-Combine-UIKit */ = {
			isa = PBXGroup;
			children = (
				5B40EF822C63A1920068AFC8 /* AppDelegate.swift */,
				5B40EF842C63A1920068AFC8 /* SceneDelegate.swift */,
				5B40EF8B2C63A1930068AFC8 /* Assets.xcassets */,
				5B40EF902C63A1940068AFC8 /* Info.plist */,
				5B40EFB52C63A2060068AFC8 /* Resources */,
				5B40EFB42C63A1FC0068AFC8 /* Models */,
				5B40EFB32C63A1F70068AFC8 /* Views */,
				5B40EFC72C63BE1B0068AFC8 /* ViewModels */,
				5B40EFB22C63A1BA0068AFC8 /* Controllers */,
			);
			path = "Github-Combine-UIKit";
			sourceTree = "<group>";
		};
		5B40EF982C63A1940068AFC8 /* Github-Combine-UIKitTests */ = {
			isa = PBXGroup;
			children = (
				5B40EF992C63A1940068AFC8 /* Github_Combine_UIKitTests.swift */,
			);
			path = "Github-Combine-UIKitTests";
			sourceTree = "<group>";
		};
		5B40EFA22C63A1940068AFC8 /* Github-Combine-UIKitUITests */ = {
			isa = PBXGroup;
			children = (
				5B40EFA32C63A1940068AFC8 /* Github_Combine_UIKitUITests.swift */,
				5B40EFA52C63A1940068AFC8 /* Github_Combine_UIKitUITestsLaunchTests.swift */,
			);
			path = "Github-Combine-UIKitUITests";
			sourceTree = "<group>";
		};
		5B40EFB22C63A1BA0068AFC8 /* Controllers */ = {
			isa = PBXGroup;
			children = (
				5B40EFB62C63A2260068AFC8 /* DashboardViewController.swift */,
			);
			path = Controllers;
			sourceTree = "<group>";
		};
		5B40EFB32C63A1F70068AFC8 /* Views */ = {
			isa = PBXGroup;
			children = (
				5B7231FC2CB047BA00C73763 /* LoadingView.swift */,
				5B40EFBC2C63A6A40068AFC8 /* SearchTextField.swift */,
				5B7231ED2CAFEF9B00C73763 /* UserView.swift */,
				5B7231F42CB0206900C73763 /* InfoCardView.swift */,
				5B7231F62CB0241700C73763 /* InfoElementView.swift */,
			);
			path = Views;
			sourceTree = "<group>";
		};
		5B40EFB42C63A1FC0068AFC8 /* Models */ = {
			isa = PBXGroup;
			children = (
				5B40EFBE2C63B6280068AFC8 /* User.swift */,
			);
			path = Models;
			sourceTree = "<group>";
		};
		5B40EFB52C63A2060068AFC8 /* Resources */ = {
			isa = PBXGroup;
			children = (
				5B7231EF2CAFF33A00C73763 /* Views */,
				5B40EFC32C63B9350068AFC8 /* Extensions */,
				5B40EFC02C63B8840068AFC8 /* Network */,
				5B40EFB82C63A2730068AFC8 /* General */,
			);
			path = Resources;
			sourceTree = "<group>";
		};
		5B40EFB82C63A2730068AFC8 /* General */ = {
			isa = PBXGroup;
			children = (
				5B40EFBA2C63A2930068AFC8 /* Constants.swift */,
			);
			path = General;
			sourceTree = "<group>";
		};
		5B40EFC02C63B8840068AFC8 /* Network */ = {
			isa = PBXGroup;
			children = (
				5B40EFC12C63B8B30068AFC8 /* HTTPClient.swift */,
			);
			path = Network;
			sourceTree = "<group>";
		};
		5B40EFC32C63B9350068AFC8 /* Extensions */ = {
			isa = PBXGroup;
			children = (
				5B40EFC42C63B9480068AFC8 /* String+Extension.swift */,
				5B7231F22CAFFA7D00C73763 /* UILabel+Extension.swift */,
				5B7231F82CB0402F00C73763 /* Collection+Extension.swift */,
				5B7231FA2CB0453400C73763 /* UIColor+Extension.swift */,
			);
			path = Extensions;
			sourceTree = "<group>";
		};
		5B40EFC72C63BE1B0068AFC8 /* ViewModels */ = {
			isa = PBXGroup;
			children = (
				5B40EFC82C63BE560068AFC8 /* UserViewModel.swift */,
			);
			path = ViewModels;
			sourceTree = "<group>";
		};
		5B7231EF2CAFF33A00C73763 /* Views */ = {
			isa = PBXGroup;
			children = (
				5B7231F02CAFF34A00C73763 /* WebImageView.swift */,
			);
			path = Views;
			sourceTree = "<group>";
		};
/* End PBXGroup section */

/* Begin PBXNativeTarget section */
		5B40EF7E2C63A1920068AFC8 /* Github-Combine-UIKit */ = {
			isa = PBXNativeTarget;
			buildConfigurationList = 5B40EFA92C63A1940068AFC8 /* Build configuration list for PBXNativeTarget "Github-Combine-UIKit" */;
			buildPhases = (
				5B40EF7B2C63A1920068AFC8 /* Sources */,
				5B40EF7C2C63A1920068AFC8 /* Frameworks */,
				5B40EF7D2C63A1920068AFC8 /* Resources */,
			);
			buildRules = (
			);
			dependencies = (
			);
			name = "Github-Combine-UIKit";
			productName = "Github-Combine-UIKit";
			productReference = 5B40EF7F2C63A1920068AFC8 /* Github-Combine-UIKit.app */;
			productType = "com.apple.product-type.application";
		};
		5B40EF942C63A1940068AFC8 /* Github-Combine-UIKitTests */ = {
			isa = PBXNativeTarget;
			buildConfigurationList = 5B40EFAC2C63A1940068AFC8 /* Build configuration list for PBXNativeTarget "Github-Combine-UIKitTests" */;
			buildPhases = (
				5B40EF912C63A1940068AFC8 /* Sources */,
				5B40EF922C63A1940068AFC8 /* Frameworks */,
				5B40EF932C63A1940068AFC8 /* Resources */,
			);
			buildRules = (
			);
			dependencies = (
				5B40EF972C63A1940068AFC8 /* PBXTargetDependency */,
			);
			name = "Github-Combine-UIKitTests";
			productName = "Github-Combine-UIKitTests";
			productReference = 5B40EF952C63A1940068AFC8 /* Github-Combine-UIKitTests.xctest */;
			productType = "com.apple.product-type.bundle.unit-test";
		};
		5B40EF9E2C63A1940068AFC8 /* Github-Combine-UIKitUITests */ = {
			isa = PBXNativeTarget;
			buildConfigurationList = 5B40EFAF2C63A1940068AFC8 /* Build configuration list for PBXNativeTarget "Github-Combine-UIKitUITests" */;
			buildPhases = (
				5B40EF9B2C63A1940068AFC8 /* Sources */,
				5B40EF9C2C63A1940068AFC8 /* Frameworks */,
				5B40EF9D2C63A1940068AFC8 /* Resources */,
			);
			buildRules = (
			);
			dependencies = (
				5B40EFA12C63A1940068AFC8 /* PBXTargetDependency */,
			);
			name = "Github-Combine-UIKitUITests";
			productName = "Github-Combine-UIKitUITests";
			productReference = 5B40EF9F2C63A1940068AFC8 /* Github-Combine-UIKitUITests.xctest */;
			productType = "com.apple.product-type.bundle.ui-testing";
		};
/* End PBXNativeTarget section */

/* Begin PBXProject section */
		5B40EF772C63A1920068AFC8 /* Project object */ = {
			isa = PBXProject;
			attributes = {
				BuildIndependentTargetsInParallel = 1;
				LastSwiftUpdateCheck = 1540;
				LastUpgradeCheck = 1540;
				TargetAttributes = {
					5B40EF7E2C63A1920068AFC8 = {
						CreatedOnToolsVersion = 15.4;
					};
					5B40EF942C63A1940068AFC8 = {
						CreatedOnToolsVersion = 15.4;
						TestTargetID = 5B40EF7E2C63A1920068AFC8;
					};
					5B40EF9E2C63A1940068AFC8 = {
						CreatedOnToolsVersion = 15.4;
						TestTargetID = 5B40EF7E2C63A1920068AFC8;
					};
				};
			};
			buildConfigurationList = 5B40EF7A2C63A1920068AFC8 /* Build configuration list for PBXProject "Github-Combine-UIKit" */;
			compatibilityVersion = "Xcode 14.0";
			developmentRegion = en;
			hasScannedForEncodings = 0;
			knownRegions = (
				en,
				Base,
			);
			mainGroup = 5B40EF762C63A1920068AFC8;
			productRefGroup = 5B40EF802C63A1920068AFC8 /* Products */;
			projectDirPath = "";
			projectRoot = "";
			targets = (
				5B40EF7E2C63A1920068AFC8 /* Github-Combine-UIKit */,
				5B40EF942C63A1940068AFC8 /* Github-Combine-UIKitTests */,
				5B40EF9E2C63A1940068AFC8 /* Github-Combine-UIKitUITests */,
			);
		};
/* End PBXProject section */

/* Begin PBXResourcesBuildPhase section */
		5B40EF7D2C63A1920068AFC8 /* Resources */ = {
			isa = PBXResourcesBuildPhase;
			buildActionMask = 2147483647;
			files = (
				5B40EF8C2C63A1930068AFC8 /* Assets.xcassets in Resources */,
			);
			runOnlyForDeploymentPostprocessing = 0;
		};
		5B40EF932C63A1940068AFC8 /* Resources */ = {
			isa = PBXResourcesBuildPhase;
			buildActionMask = 2147483647;
			files = (
			);
			runOnlyForDeploymentPostprocessing = 0;
		};
		5B40EF9D2C63A1940068AFC8 /* Resources */ = {
			isa = PBXResourcesBuildPhase;
			buildActionMask = 2147483647;
			files = (
			);
			runOnlyForDeploymentPostprocessing = 0;
		};
/* End PBXResourcesBuildPhase section */

/* Begin PBXSourcesBuildPhase section */
		5B40EF7B2C63A1920068AFC8 /* Sources */ = {
			isa = PBXSourcesBuildPhase;
			buildActionMask = 2147483647;
			files = (
				5B40EFC52C63B9480068AFC8 /* String+Extension.swift in Sources */,
				5B40EFBD2C63A6A40068AFC8 /* SearchTextField.swift in Sources */,
				5B40EF832C63A1920068AFC8 /* AppDelegate.swift in Sources */,
				5B40EFBF2C63B6280068AFC8 /* User.swift in Sources */,
				5B7231FD2CB047BA00C73763 /* LoadingView.swift in Sources */,
				5B7231F92CB0402F00C73763 /* Collection+Extension.swift in Sources */,
				5B7231F52CB0206900C73763 /* InfoCardView.swift in Sources */,
				5B7231F12CAFF34A00C73763 /* WebImageView.swift in Sources */,
				5B7231FB2CB0453400C73763 /* UIColor+Extension.swift in Sources */,
				5B40EFC22C63B8B30068AFC8 /* HTTPClient.swift in Sources */,
				5B7231F72CB0241700C73763 /* InfoElementView.swift in Sources */,
				5B40EFB72C63A2260068AFC8 /* DashboardViewController.swift in Sources */,
				5B40EF852C63A1920068AFC8 /* SceneDelegate.swift in Sources */,
				5B7231F32CAFFA7D00C73763 /* UILabel+Extension.swift in Sources */,
				5B7231EE2CAFEF9B00C73763 /* UserView.swift in Sources */,
				5B40EFC92C63BE560068AFC8 /* UserViewModel.swift in Sources */,
				5B40EFBB2C63A2930068AFC8 /* Constants.swift in Sources */,
			);
			runOnlyForDeploymentPostprocessing = 0;
		};
		5B40EF912C63A1940068AFC8 /* Sources */ = {
			isa = PBXSourcesBuildPhase;
			buildActionMask = 2147483647;
			files = (
				5B40EF9A2C63A1940068AFC8 /* Github_Combine_UIKitTests.swift in Sources */,
			);
			runOnlyForDeploymentPostprocessing = 0;
		};
		5B40EF9B2C63A1940068AFC8 /* Sources */ = {
			isa = PBXSourcesBuildPhase;
			buildActionMask = 2147483647;
			files = (
				5B40EFA62C63A1940068AFC8 /* Github_Combine_UIKitUITestsLaunchTests.swift in Sources */,
				5B40EFA42C63A1940068AFC8 /* Github_Combine_UIKitUITests.swift in Sources */,
			);
			runOnlyForDeploymentPostprocessing = 0;
		};
/* End PBXSourcesBuildPhase section */

/* Begin PBXTargetDependency section */
		5B40EF972C63A1940068AFC8 /* PBXTargetDependency */ = {
			isa = PBXTargetDependency;
			target = 5B40EF7E2C63A1920068AFC8 /* Github-Combine-UIKit */;
			targetProxy = 5B40EF962C63A1940068AFC8 /* PBXContainerItemProxy */;
		};
		5B40EFA12C63A1940068AFC8 /* PBXTargetDependency */ = {
			isa = PBXTargetDependency;
			target = 5B40EF7E2C63A1920068AFC8 /* Github-Combine-UIKit */;
			targetProxy = 5B40EFA02C63A1940068AFC8 /* PBXContainerItemProxy */;
		};
/* End PBXTargetDependency section */

/* Begin XCBuildConfiguration section */
		5B40EFA72C63A1940068AFC8 /* Debug */ = {
			isa = XCBuildConfiguration;
			buildSettings = {
				ALWAYS_SEARCH_USER_PATHS = NO;
				ASSETCATALOG_COMPILER_GENERATE_SWIFT_ASSET_SYMBOL_EXTENSIONS = YES;
				CLANG_ANALYZER_NONNULL = YES;
				CLANG_ANALYZER_NUMBER_OBJECT_CONVERSION = YES_AGGRESSIVE;
				CLANG_CXX_LANGUAGE_STANDARD = "gnu++20";
				CLANG_ENABLE_MODULES = YES;
				CLANG_ENABLE_OBJC_ARC = YES;
				CLANG_ENABLE_OBJC_WEAK = YES;
				CLANG_WARN_BLOCK_CAPTURE_AUTORELEASING = YES;
				CLANG_WARN_BOOL_CONVERSION = YES;
				CLANG_WARN_COMMA = YES;
				CLANG_WARN_CONSTANT_CONVERSION = YES;
				CLANG_WARN_DEPRECATED_OBJC_IMPLEMENTATIONS = YES;
				CLANG_WARN_DIRECT_OBJC_ISA_USAGE = YES_ERROR;
				CLANG_WARN_DOCUMENTATION_COMMENTS = YES;
				CLANG_WARN_EMPTY_BODY = YES;
				CLANG_WARN_ENUM_CONVERSION = YES;
				CLANG_WARN_INFINITE_RECURSION = YES;
				CLANG_WARN_INT_CONVERSION = YES;
				CLANG_WARN_NON_LITERAL_NULL_CONVERSION = YES;
				CLANG_WARN_OBJC_IMPLICIT_RETAIN_SELF = YES;
				CLANG_WARN_OBJC_LITERAL_CONVERSION = YES;
				CLANG_WARN_OBJC_ROOT_CLASS = YES_ERROR;
				CLANG_WARN_QUOTED_INCLUDE_IN_FRAMEWORK_HEADER = YES;
				CLANG_WARN_RANGE_LOOP_ANALYSIS = YES;
				CLANG_WARN_STRICT_PROTOTYPES = YES;
				CLANG_WARN_SUSPICIOUS_MOVE = YES;
				CLANG_WARN_UNGUARDED_AVAILABILITY = YES_AGGRESSIVE;
				CLANG_WARN_UNREACHABLE_CODE = YES;
				CLANG_WARN__DUPLICATE_METHOD_MATCH = YES;
				COPY_PHASE_STRIP = NO;
				DEBUG_INFORMATION_FORMAT = dwarf;
				ENABLE_STRICT_OBJC_MSGSEND = YES;
				ENABLE_TESTABILITY = YES;
				ENABLE_USER_SCRIPT_SANDBOXING = YES;
				GCC_C_LANGUAGE_STANDARD = gnu17;
				GCC_DYNAMIC_NO_PIC = NO;
				GCC_NO_COMMON_BLOCKS = YES;
				GCC_OPTIMIZATION_LEVEL = 0;
				GCC_PREPROCESSOR_DEFINITIONS = (
					"DEBUG=1",
					"$(inherited)",
				);
				GCC_WARN_64_TO_32_BIT_CONVERSION = YES;
				GCC_WARN_ABOUT_RETURN_TYPE = YES_ERROR;
				GCC_WARN_UNDECLARED_SELECTOR = YES;
				GCC_WARN_UNINITIALIZED_AUTOS = YES_AGGRESSIVE;
				GCC_WARN_UNUSED_FUNCTION = YES;
				GCC_WARN_UNUSED_VARIABLE = YES;
				IPHONEOS_DEPLOYMENT_TARGET = 17.5;
				LOCALIZATION_PREFERS_STRING_CATALOGS = YES;
				MTL_ENABLE_DEBUG_INFO = INCLUDE_SOURCE;
				MTL_FAST_MATH = YES;
				ONLY_ACTIVE_ARCH = YES;
				SDKROOT = iphoneos;
				SWIFT_ACTIVE_COMPILATION_CONDITIONS = "DEBUG $(inherited)";
				SWIFT_OPTIMIZATION_LEVEL = "-Onone";
			};
			name = Debug;
		};
		5B40EFA82C63A1940068AFC8 /* Release */ = {
			isa = XCBuildConfiguration;
			buildSettings = {
				ALWAYS_SEARCH_USER_PATHS = NO;
				ASSETCATALOG_COMPILER_GENERATE_SWIFT_ASSET_SYMBOL_EXTENSIONS = YES;
				CLANG_ANALYZER_NONNULL = YES;
				CLANG_ANALYZER_NUMBER_OBJECT_CONVERSION = YES_AGGRESSIVE;
				CLANG_CXX_LANGUAGE_STANDARD = "gnu++20";
				CLANG_ENABLE_MODULES = YES;
				CLANG_ENABLE_OBJC_ARC = YES;
				CLANG_ENABLE_OBJC_WEAK = YES;
				CLANG_WARN_BLOCK_CAPTURE_AUTORELEASING = YES;
				CLANG_WARN_BOOL_CONVERSION = YES;
				CLANG_WARN_COMMA = YES;
				CLANG_WARN_CONSTANT_CONVERSION = YES;
				CLANG_WARN_DEPRECATED_OBJC_IMPLEMENTATIONS = YES;
				CLANG_WARN_DIRECT_OBJC_ISA_USAGE = YES_ERROR;
				CLANG_WARN_DOCUMENTATION_COMMENTS = YES;
				CLANG_WARN_EMPTY_BODY = YES;
				CLANG_WARN_ENUM_CONVERSION = YES;
				CLANG_WARN_INFINITE_RECURSION = YES;
				CLANG_WARN_INT_CONVERSION = YES;
				CLANG_WARN_NON_LITERAL_NULL_CONVERSION = YES;
				CLANG_WARN_OBJC_IMPLICIT_RETAIN_SELF = YES;
				CLANG_WARN_OBJC_LITERAL_CONVERSION = YES;
				CLANG_WARN_OBJC_ROOT_CLASS = YES_ERROR;
				CLANG_WARN_QUOTED_INCLUDE_IN_FRAMEWORK_HEADER = YES;
				CLANG_WARN_RANGE_LOOP_ANALYSIS = YES;
				CLANG_WARN_STRICT_PROTOTYPES = YES;
				CLANG_WARN_SUSPICIOUS_MOVE = YES;
				CLANG_WARN_UNGUARDED_AVAILABILITY = YES_AGGRESSIVE;
				CLANG_WARN_UNREACHABLE_CODE = YES;
				CLANG_WARN__DUPLICATE_METHOD_MATCH = YES;
				COPY_PHASE_STRIP = NO;
				DEBUG_INFORMATION_FORMAT = "dwarf-with-dsym";
				ENABLE_NS_ASSERTIONS = NO;
				ENABLE_STRICT_OBJC_MSGSEND = YES;
				ENABLE_USER_SCRIPT_SANDBOXING = YES;
				GCC_C_LANGUAGE_STANDARD = gnu17;
				GCC_NO_COMMON_BLOCKS = YES;
				GCC_WARN_64_TO_32_BIT_CONVERSION = YES;
				GCC_WARN_ABOUT_RETURN_TYPE = YES_ERROR;
				GCC_WARN_UNDECLARED_SELECTOR = YES;
				GCC_WARN_UNINITIALIZED_AUTOS = YES_AGGRESSIVE;
				GCC_WARN_UNUSED_FUNCTION = YES;
				GCC_WARN_UNUSED_VARIABLE = YES;
				IPHONEOS_DEPLOYMENT_TARGET = 17.5;
				LOCALIZATION_PREFERS_STRING_CATALOGS = YES;
				MTL_ENABLE_DEBUG_INFO = NO;
				MTL_FAST_MATH = YES;
				SDKROOT = iphoneos;
				SWIFT_COMPILATION_MODE = wholemodule;
				VALIDATE_PRODUCT = YES;
			};
			name = Release;
		};
		5B40EFAA2C63A1940068AFC8 /* Debug */ = {
			isa = XCBuildConfiguration;
			buildSettings = {
				ASSETCATALOG_COMPILER_APPICON_NAME = AppIcon;
				ASSETCATALOG_COMPILER_GLOBAL_ACCENT_COLOR_NAME = AccentColor;
				CODE_SIGN_STYLE = Automatic;
				CURRENT_PROJECT_VERSION = 1;
				DEVELOPMENT_TEAM = TSKD7D7DD9;
				GENERATE_INFOPLIST_FILE = YES;
				INFOPLIST_FILE = "Github-Combine-UIKit/Info.plist";
				INFOPLIST_KEY_UIApplicationSupportsIndirectInputEvents = YES;
				INFOPLIST_KEY_UILaunchStoryboardName = LaunchScreen;
				INFOPLIST_KEY_UISupportedInterfaceOrientations_iPad = "UIInterfaceOrientationPortrait UIInterfaceOrientationPortraitUpsideDown UIInterfaceOrientationLandscapeLeft UIInterfaceOrientationLandscapeRight";
				INFOPLIST_KEY_UISupportedInterfaceOrientations_iPhone = "UIInterfaceOrientationPortrait UIInterfaceOrientationLandscapeLeft UIInterfaceOrientationLandscapeRight";
				LD_RUNPATH_SEARCH_PATHS = (
					"$(inherited)",
					"@executable_path/Frameworks",
				);
				MARKETING_VERSION = 1.0;
				PRODUCT_BUNDLE_IDENTIFIER = "francisco.Github-Combine-UIKit";
				PRODUCT_NAME = "$(TARGET_NAME)";
				SWIFT_EMIT_LOC_STRINGS = YES;
				SWIFT_VERSION = 5.0;
				TARGETED_DEVICE_FAMILY = "1,2";
			};
			name = Debug;
		};
		5B40EFAB2C63A1940068AFC8 /* Release */ = {
			isa = XCBuildConfiguration;
			buildSettings = {
				ASSETCATALOG_COMPILER_APPICON_NAME = AppIcon;
				ASSETCATALOG_COMPILER_GLOBAL_ACCENT_COLOR_NAME = AccentColor;
				CODE_SIGN_STYLE = Automatic;
				CURRENT_PROJECT_VERSION = 1;
				DEVELOPMENT_TEAM = TSKD7D7DD9;
				GENERATE_INFOPLIST_FILE = YES;
				INFOPLIST_FILE = "Github-Combine-UIKit/Info.plist";
				INFOPLIST_KEY_UIApplicationSupportsIndirectInputEvents = YES;
				INFOPLIST_KEY_UILaunchStoryboardName = LaunchScreen;
				INFOPLIST_KEY_UISupportedInterfaceOrientations_iPad = "UIInterfaceOrientationPortrait UIInterfaceOrientationPortraitUpsideDown UIInterfaceOrientationLandscapeLeft UIInterfaceOrientationLandscapeRight";
				INFOPLIST_KEY_UISupportedInterfaceOrientations_iPhone = "UIInterfaceOrientationPortrait UIInterfaceOrientationLandscapeLeft UIInterfaceOrientationLandscapeRight";
				LD_RUNPATH_SEARCH_PATHS = (
					"$(inherited)",
					"@executable_path/Frameworks",
				);
				MARKETING_VERSION = 1.0;
				PRODUCT_BUNDLE_IDENTIFIER = "francisco.Github-Combine-UIKit";
				PRODUCT_NAME = "$(TARGET_NAME)";
				SWIFT_EMIT_LOC_STRINGS = YES;
				SWIFT_VERSION = 5.0;
				TARGETED_DEVICE_FAMILY = "1,2";
			};
			name = Release;
		};
		5B40EFAD2C63A1940068AFC8 /* Debug */ = {
			isa = XCBuildConfiguration;
			buildSettings = {
				ALWAYS_EMBED_SWIFT_STANDARD_LIBRARIES = YES;
				BUNDLE_LOADER = "$(TEST_HOST)";
				CODE_SIGN_STYLE = Automatic;
				CURRENT_PROJECT_VERSION = 1;
				DEVELOPMENT_TEAM = TSKD7D7DD9;
				GENERATE_INFOPLIST_FILE = YES;
				IPHONEOS_DEPLOYMENT_TARGET = 17.5;
				MARKETING_VERSION = 1.0;
				PRODUCT_BUNDLE_IDENTIFIER = "francisco.Github-Combine-UIKitTests";
				PRODUCT_NAME = "$(TARGET_NAME)";
				SWIFT_EMIT_LOC_STRINGS = NO;
				SWIFT_VERSION = 5.0;
				TARGETED_DEVICE_FAMILY = "1,2";
				TEST_HOST = "$(BUILT_PRODUCTS_DIR)/Github-Combine-UIKit.app/$(BUNDLE_EXECUTABLE_FOLDER_PATH)/Github-Combine-UIKit";
			};
			name = Debug;
		};
		5B40EFAE2C63A1940068AFC8 /* Release */ = {
			isa = XCBuildConfiguration;
			buildSettings = {
				ALWAYS_EMBED_SWIFT_STANDARD_LIBRARIES = YES;
				BUNDLE_LOADER = "$(TEST_HOST)";
				CODE_SIGN_STYLE = Automatic;
				CURRENT_PROJECT_VERSION = 1;
				DEVELOPMENT_TEAM = TSKD7D7DD9;
				GENERATE_INFOPLIST_FILE = YES;
				IPHONEOS_DEPLOYMENT_TARGET = 17.5;
				MARKETING_VERSION = 1.0;
				PRODUCT_BUNDLE_IDENTIFIER = "francisco.Github-Combine-UIKitTests";
				PRODUCT_NAME = "$(TARGET_NAME)";
				SWIFT_EMIT_LOC_STRINGS = NO;
				SWIFT_VERSION = 5.0;
				TARGETED_DEVICE_FAMILY = "1,2";
				TEST_HOST = "$(BUILT_PRODUCTS_DIR)/Github-Combine-UIKit.app/$(BUNDLE_EXECUTABLE_FOLDER_PATH)/Github-Combine-UIKit";
			};
			name = Release;
		};
		5B40EFB02C63A1940068AFC8 /* Debug */ = {
			isa = XCBuildConfiguration;
			buildSettings = {
				ALWAYS_EMBED_SWIFT_STANDARD_LIBRARIES = YES;
				CODE_SIGN_STYLE = Automatic;
				CURRENT_PROJECT_VERSION = 1;
				DEVELOPMENT_TEAM = TSKD7D7DD9;
				GENERATE_INFOPLIST_FILE = YES;
				MARKETING_VERSION = 1.0;
				PRODUCT_BUNDLE_IDENTIFIER = "francisco.Github-Combine-UIKitUITests";
				PRODUCT_NAME = "$(TARGET_NAME)";
				SWIFT_EMIT_LOC_STRINGS = NO;
				SWIFT_VERSION = 5.0;
				TARGETED_DEVICE_FAMILY = "1,2";
				TEST_TARGET_NAME = "Github-Combine-UIKit";
			};
			name = Debug;
		};
		5B40EFB12C63A1940068AFC8 /* Release */ = {
			isa = XCBuildConfiguration;
			buildSettings = {
				ALWAYS_EMBED_SWIFT_STANDARD_LIBRARIES = YES;
				CODE_SIGN_STYLE = Automatic;
				CURRENT_PROJECT_VERSION = 1;
				DEVELOPMENT_TEAM = TSKD7D7DD9;
				GENERATE_INFOPLIST_FILE = YES;
				MARKETING_VERSION = 1.0;
				PRODUCT_BUNDLE_IDENTIFIER = "francisco.Github-Combine-UIKitUITests";
				PRODUCT_NAME = "$(TARGET_NAME)";
				SWIFT_EMIT_LOC_STRINGS = NO;
				SWIFT_VERSION = 5.0;
				TARGETED_DEVICE_FAMILY = "1,2";
				TEST_TARGET_NAME = "Github-Combine-UIKit";
			};
			name = Release;
		};
/* End XCBuildConfiguration section */

/* Begin XCConfigurationList section */
		5B40EF7A2C63A1920068AFC8 /* Build configuration list for PBXProject "Github-Combine-UIKit" */ = {
			isa = XCConfigurationList;
			buildConfigurations = (
				5B40EFA72C63A1940068AFC8 /* Debug */,
				5B40EFA82C63A1940068AFC8 /* Release */,
			);
			defaultConfigurationIsVisible = 0;
			defaultConfigurationName = Release;
		};
		5B40EFA92C63A1940068AFC8 /* Build configuration list for PBXNativeTarget "Github-Combine-UIKit" */ = {
			isa = XCConfigurationList;
			buildConfigurations = (
				5B40EFAA2C63A1940068AFC8 /* Debug */,
				5B40EFAB2C63A1940068AFC8 /* Release */,
			);
			defaultConfigurationIsVisible = 0;
			defaultConfigurationName = Release;
		};
		5B40EFAC2C63A1940068AFC8 /* Build configuration list for PBXNativeTarget "Github-Combine-UIKitTests" */ = {
			isa = XCConfigurationList;
			buildConfigurations = (
				5B40EFAD2C63A1940068AFC8 /* Debug */,
				5B40EFAE2C63A1940068AFC8 /* Release */,
			);
			defaultConfigurationIsVisible = 0;
			defaultConfigurationName = Release;
		};
		5B40EFAF2C63A1940068AFC8 /* Build configuration list for PBXNativeTarget "Github-Combine-UIKitUITests" */ = {
			isa = XCConfigurationList;
			buildConfigurations = (
				5B40EFB02C63A1940068AFC8 /* Debug */,
				5B40EFB12C63A1940068AFC8 /* Release */,
			);
			defaultConfigurationIsVisible = 0;
			defaultConfigurationName = Release;
		};
/* End XCConfigurationList section */
	};
	rootObject = 5B40EF772C63A1920068AFC8 /* Project object */;
}
